
Microsoft Visual Studio Solution File, Format Version 12.00
# Visual Studio Version 17
VisualStudioVersion = 17.4.33213.308
MinimumVisualStudioVersion = 10.0.40219.1
Project("{54A90642-561A-4BB1-A94E-469ADEE60C69}") = "web.dwhchangelog", "WEB.DwhChangeLog\web.dwhchangelog.esproj", "{4D27D2FD-4955-49F9-A913-DA96F4884EC7}"
EndProject
Global
	GlobalSection(SolutionConfigurationPlatforms) = preSolution
		Debug|Any CPU = Debug|Any CPU
		Release|Any CPU = Release|Any CPU
	EndGlobalSection
	GlobalSection(ProjectConfigurationPlatforms) = postSolution
		{4D27D2FD-4955-49F9-A913-DA96F4884EC7}.Debug|Any CPU.ActiveCfg = Debug|Any CPU
		{4D27D2FD-4955-49F9-A913-DA96F4884EC7}.Debug|Any CPU.Build.0 = Debug|Any CPU
		{4D27D2FD-4955-49F9-A913-DA96F4884EC7}.Debug|Any CPU.Deploy.0 = Debug|Any CPU
		{4D27D2FD-4955-49F9-A913-DA96F4884EC7}.Release|Any CPU.ActiveCfg = Release|Any CPU
		{4D27D2FD-4955-49F9-A913-DA96F4884EC7}.Release|Any CPU.Build.0 = Release|Any CPU
		{4D27D2FD-4955-49F9-A913-DA96F4884EC7}.Release|Any CPU.Deploy.0 = Release|Any CPU
	EndGlobalSection
	GlobalSection(SolutionProperties) = preSolution
		HideSolutionNode = FALSE
	EndGlobalSection
	GlobalSection(ExtensibilityGlobals) = postSolution
		SolutionGuid = {F6A79FF0-CA88-4F58-BB8C-EC4BE2D0F9CE}
	EndGlobalSection
EndGlobal
